# THIS IS AN AUTOGENERATED FILE. DO NOT EDIT THIS FILE DIRECTLY.
# yarn lockfile v1
codemirror:
  version "5.20.2"
  resolved "https://registry.npmjs.org/codemirror/-/codemirror-5.20.2.tgz#918e0ece96d57a99030b2f8b33011284bed5217a"
jquery:
  version "3.1.1"
  resolved "https://registry.npmjs.org/jquery/-/jquery-3.1.1.tgz#347c1c21c7e004115e0a4da32cece041fad3c8a3"
requirejs:
  version "2.3.2"
  resolved "https://registry.npmjs.org/requirejs/-/requirejs-2.3.2.tgz#0eaa870d4c7db3b15dd1322e6b65b0388fc4b2c6"
