# THIS IS AN AUTOGENERATED FILE. DO NOT EDIT THIS FILE DIRECTLY.
# yarn lockfile v1


amdefine@>=0.0.4:
  version "1.0.0"
  resolved amdefine-1.0.0.tgz#fd17474700cb5cc9c2b709f0be9d23ce3c198c33

ansi-regex@^2.0.0:
  version "2.0.0"
  resolved ansi-regex-2.0.0.tgz#c5061b6e0ef8a81775e50f5d66151bf6bf371107

ansi-styles@^2.2.1:
  version "2.2.1"
  resolved ansi-styles-2.2.1.tgz#b432dd3358b634cf75e1e4664368240533c1ddbe

asn1@~0.2.3:
  version "0.2.3"
  resolved asn1-0.2.3.tgz#dac8787713c9966849fc8180777ebe9c1ddf3b86

assert-plus@^0.2.0:
  version "0.2.0"
  resolved assert-plus-0.2.0.tgz#d74e1b87e7affc0db8aadb7021f3fe48101ab234

assert-plus@^1.0.0:
  version "1.0.0"
  resolved assert-plus-1.0.0.tgz#f12e0f3c5d77b0b1cdd9146942e4e96c1e4dd525

ast-types@0.8.14:
  version "0.8.14"
  resolved ast-types-0.8.14.tgz#65bf58559a23488e076981627b5eb987aba67cda

asynckit@^0.4.0:
  version "0.4.0"
  resolved asynckit-0.4.0.tgz#c79ed97f7f34cb8f2ba1bc9790bcc366474b4b79

aws-sign2@~0.6.0:
  version "0.6.0"
  resolved aws-sign2-0.6.0.tgz#14342dd38dbcc94d0e5b87d763cd63612c0e794f

aws4@^1.2.1:
  version "1.4.1"
  resolved aws4-1.4.1.tgz#fde7d5292466d230e5ee0f4e038d9dfaab08fc61

babel-code-frame@^6.8.0:
  version "6.11.0"
  resolved babel-code-frame-6.11.0.tgz#9072dd2353fb0f85b6b57d2c97f0d134d188aed8
  dependencies:
    babel-runtime "^6.0.0"
    chalk "^1.1.0"
    esutils "^2.0.2"
    js-tokens "^2.0.0"

babel-core@^6.14.0:
  version "6.14.0"
  resolved babel-core-6.14.0.tgz#c9e13ed4e2f97329215496fd9fb48f2b3bcb9b42
  dependencies:
    babel-code-frame "^6.8.0"
    babel-generator "^6.14.0"
    babel-helpers "^6.8.0"
    babel-messages "^6.8.0"
    babel-register "^6.14.0"
    babel-runtime "^6.9.1"
    babel-template "^6.14.0"
    babel-traverse "^6.14.0"
    babel-types "^6.14.0"
    babylon "^6.9.0"
    convert-source-map "^1.1.0"
    debug "^2.1.1"
    json5 "^0.4.0"
    lodash "^4.2.0"
    minimatch "^3.0.2"
    path-exists "^1.0.0"
    path-is-absolute "^1.0.0"
    private "^0.1.6"
    shebang-regex "^1.0.0"
    slash "^1.0.0"
    source-map "^0.5.0"

babel-generator@^6.14.0:
  version "6.14.0"
  resolved babel-generator-6.14.0.tgz#0f3f173e9cb95d501b1a735598b1a593dbee3705
  dependencies:
    babel-messages "^6.8.0"
    babel-runtime "^6.9.0"
    babel-types "^6.14.0"
    detect-indent "^3.0.1"
    lodash "^4.2.0"
    source-map "^0.5.0"

babel-helper-call-delegate@^6.8.0:
  version "6.8.0"
  resolved babel-helper-call-delegate-6.8.0.tgz#9d283e7486779b6b0481864a11b371ea5c01fa64
  dependencies:
    babel-helper-hoist-variables "^6.8.0"
    babel-runtime "^6.0.0"
    babel-traverse "^6.8.0"
    babel-types "^6.8.0"

babel-helper-define-map@^6.8.0, babel-helper-define-map@^6.9.0:
  version "6.9.0"
  resolved babel-helper-define-map-6.9.0.tgz#6629f9b2a7e58e18e8379a57d1e6fbb2969902fb
  dependencies:
    babel-helper-function-name "^6.8.0"
    babel-runtime "^6.9.0"
    babel-types "^6.9.0"
    lodash "^4.2.0"

babel-helper-function-name@^6.8.0:
  version "6.8.0"
  resolved babel-helper-function-name-6.8.0.tgz#a0336ba14526a075cdf502fc52d3fe84b12f7a34
  dependencies:
    babel-helper-get-function-arity "^6.8.0"
    babel-runtime "^6.0.0"
    babel-template "^6.8.0"
    babel-traverse "^6.8.0"
    babel-types "^6.8.0"

babel-helper-get-function-arity@^6.8.0:
  version "6.8.0"
  resolved babel-helper-get-function-arity-6.8.0.tgz#88276c24bd251cdf6f61b6f89f745f486ced92af
  dependencies:
    babel-runtime "^6.0.0"
    babel-types "^6.8.0"

babel-helper-hoist-variables@^6.8.0:
  version "6.8.0"
  resolved babel-helper-hoist-variables-6.8.0.tgz#8b0766dc026ea9ea423bc2b34e665a4da7373aaf
  dependencies:
    babel-runtime "^6.0.0"
    babel-types "^6.8.0"

babel-helper-optimise-call-expression@^6.8.0:
  version "6.8.0"
  resolved babel-helper-optimise-call-expression-6.8.0.tgz#4175628e9c89fc36174904f27070f29d38567f06
  dependencies:
    babel-runtime "^6.0.0"
    babel-types "^6.8.0"

babel-helper-regex@^6.8.0:
  version "6.9.0"
  resolved babel-helper-regex-6.9.0.tgz#c74265fde180ff9a16735fee05e63cadb9e0b057
  dependencies:
    babel-runtime "^6.9.0"
    babel-types "^6.9.0"
    lodash "^4.2.0"

babel-helper-replace-supers@^6.14.0, babel-helper-replace-supers@^6.8.0:
  version "6.14.0"
  resolved babel-helper-replace-supers-6.14.0.tgz#038e13824d6de0e412fbd6708fd3611a7683d869
  dependencies:
    babel-helper-optimise-call-expression "^6.8.0"
    babel-messages "^6.8.0"
    babel-runtime "^6.0.0"
    babel-template "^6.14.0"
    babel-traverse "^6.14.0"
    babel-types "^6.14.0"

babel-helpers@^6.8.0:
  version "6.8.0"
  resolved babel-helpers-6.8.0.tgz#321c56f9c9cac1a297f827fdff638b27a6292503
  dependencies:
    babel-runtime "^6.0.0"
    babel-template "^6.8.0"

babel-messages@^6.8.0:
  version "6.8.0"
  resolved babel-messages-6.8.0.tgz#bf504736ca967e6d65ef0adb5a2a5f947c8e0eb9
  dependencies:
    babel-runtime "^6.0.0"

babel-plugin-check-es2015-constants@^6.3.13:
  version "6.8.0"
  resolved babel-plugin-check-es2015-constants-6.8.0.tgz#dbf024c32ed37bfda8dee1e76da02386a8d26fe7
  dependencies:
    babel-runtime "^6.0.0"

babel-plugin-syntax-async-functions@^6.8.0:
  version "6.13.0"
  resolved babel-plugin-syntax-async-functions-6.13.0.tgz#cad9cad1191b5ad634bf30ae0872391e0647be95

babel-plugin-syntax-class-properties@^6.8.0:
  version "6.13.0"
  resolved babel-plugin-syntax-class-properties-6.13.0.tgz#d7eb23b79a317f8543962c505b827c7d6cac27de

babel-plugin-syntax-flow@^6.8.0:
  version "6.13.0"
  resolved babel-plugin-syntax-flow-6.13.0.tgz#9af0cd396087bf7677053e1afa52f206c0416f17

babel-plugin-syntax-trailing-function-commas@^6.8.0:
  version "6.13.0"
  resolved babel-plugin-syntax-trailing-function-commas-6.13.0.tgz#2b84b7d53dd744f94ff1fad7669406274b23f541

babel-plugin-transform-class-properties@^6.8.0:
  version "6.11.5"
  resolved babel-plugin-transform-class-properties-6.11.5.tgz#429c7a4e7d8ac500448eb14ec502604bc568c91c
  dependencies:
    babel-helper-function-name "^6.8.0"
    babel-plugin-syntax-class-properties "^6.8.0"
    babel-runtime "^6.9.1"

babel-plugin-transform-es2015-arrow-functions@^6.3.13:
  version "6.8.0"
  resolved babel-plugin-transform-es2015-arrow-functions-6.8.0.tgz#5b63afc3181bdc9a8c4d481b5a4f3f7d7fef3d9d
  dependencies:
    babel-runtime "^6.0.0"

babel-plugin-transform-es2015-block-scoped-functions@^6.3.13:
  version "6.8.0"
  resolved babel-plugin-transform-es2015-block-scoped-functions-6.8.0.tgz#ed95d629c4b5a71ae29682b998f70d9833eb366d
  dependencies:
    babel-runtime "^6.0.0"

babel-plugin-transform-es2015-block-scoping@^6.14.0:
  version "6.15.0"
  resolved babel-plugin-transform-es2015-block-scoping-6.15.0.tgz#5b443ca142be8d1db6a8c2ae42f51958b66b70f6
  dependencies:
    babel-runtime "^6.9.0"
    babel-template "^6.15.0"
    babel-traverse "^6.15.0"
    babel-types "^6.15.0"
    lodash "^4.2.0"

babel-plugin-transform-es2015-classes@^6.14.0:
  version "6.14.0"
  resolved babel-plugin-transform-es2015-classes-6.14.0.tgz#87d5149ee91fb475922409f9af5b2ba5d1e39287
  dependencies:
    babel-helper-define-map "^6.9.0"
    babel-helper-function-name "^6.8.0"
    babel-helper-optimise-call-expression "^6.8.0"
    babel-helper-replace-supers "^6.14.0"
    babel-messages "^6.8.0"
    babel-runtime "^6.9.0"
    babel-template "^6.14.0"
    babel-traverse "^6.14.0"
    babel-types "^6.14.0"

babel-plugin-transform-es2015-computed-properties@^6.3.13:
  version "6.8.0"
  resolved babel-plugin-transform-es2015-computed-properties-6.8.0.tgz#f51010fd61b3bd7b6b60a5fdfd307bb7a5279870
  dependencies:
    babel-helper-define-map "^6.8.0"
    babel-runtime "^6.0.0"
    babel-template "^6.8.0"

babel-plugin-transform-es2015-destructuring@^6.9.0:
  version "6.9.0"
  resolved babel-plugin-transform-es2015-destructuring-6.9.0.tgz#f55747f62534866a51b4c4fdb255e6d85e8604d6
  dependencies:
    babel-runtime "^6.9.0"

babel-plugin-transform-es2015-duplicate-keys@^6.6.0:
  version "6.8.0"
  resolved babel-plugin-transform-es2015-duplicate-keys-6.8.0.tgz#fd8f7f7171fc108cc1c70c3164b9f15a81c25f7d
  dependencies:
    babel-runtime "^6.0.0"
    babel-types "^6.8.0"

babel-plugin-transform-es2015-for-of@^6.6.0, babel-plugin-transform-es2015-for-of@^6.8.0:
  version "6.8.0"
  resolved babel-plugin-transform-es2015-for-of-6.8.0.tgz#82eda139ba4270dda135c3ec1b1f2813fa62f23c
  dependencies:
    babel-runtime "^6.0.0"

babel-plugin-transform-es2015-function-name@^6.9.0:
  version "6.9.0"
  resolved babel-plugin-transform-es2015-function-name-6.9.0.tgz#8c135b17dbd064e5bba56ec511baaee2fca82719
  dependencies:
    babel-helper-function-name "^6.8.0"
    babel-runtime "^6.9.0"
    babel-types "^6.9.0"

babel-plugin-transform-es2015-literals@^6.3.13:
  version "6.8.0"
  resolved babel-plugin-transform-es2015-literals-6.8.0.tgz#50aa2e5c7958fc2ab25d74ec117e0cc98f046468
  dependencies:
    babel-runtime "^6.0.0"

babel-plugin-transform-es2015-modules-amd@^6.8.0:
  version "6.8.0"
  resolved babel-plugin-transform-es2015-modules-amd-6.8.0.tgz#25d954aa0bf04031fc46d2a8e6230bb1abbde4a3
  dependencies:
    babel-plugin-transform-es2015-modules-commonjs "^6.8.0"
    babel-runtime "^6.0.0"
    babel-template "^6.8.0"

babel-plugin-transform-es2015-modules-commonjs@^6.14.0, babel-plugin-transform-es2015-modules-commonjs@^6.8.0:
  version "6.14.0"
  resolved babel-plugin-transform-es2015-modules-commonjs-6.14.0.tgz#db731640c67ea6ebaecf90eb9cdabddb584aeb36
  dependencies:
    babel-plugin-transform-strict-mode "^6.8.0"
    babel-runtime "^6.0.0"
    babel-template "^6.14.0"
    babel-types "^6.14.0"

babel-plugin-transform-es2015-modules-systemjs@^6.14.0:
  version "6.14.0"
  resolved babel-plugin-transform-es2015-modules-systemjs-6.14.0.tgz#c519b5c73e32388e679c9b1edf41b2fc23dc3303
  dependencies:
    babel-helper-hoist-variables "^6.8.0"
    babel-runtime "^6.11.6"
    babel-template "^6.14.0"

babel-plugin-transform-es2015-modules-umd@^6.12.0:
  version "6.12.0"
  resolved babel-plugin-transform-es2015-modules-umd-6.12.0.tgz#5d73559eb49266775ed281c40be88a421bd371a3
  dependencies:
    babel-plugin-transform-es2015-modules-amd "^6.8.0"
    babel-runtime "^6.0.0"
    babel-template "^6.8.0"

babel-plugin-transform-es2015-object-super@^6.3.13:
  version "6.8.0"
  resolved babel-plugin-transform-es2015-object-super-6.8.0.tgz#1b858740a5a4400887c23dcff6f4d56eea4a24c5
  dependencies:
    babel-helper-replace-supers "^6.8.0"
    babel-runtime "^6.0.0"

babel-plugin-transform-es2015-parameters@^6.9.0:
  version "6.11.4"
  resolved babel-plugin-transform-es2015-parameters-6.11.4.tgz#2d41e88c3e4319797e305f87027ef43f4dc739c4
  dependencies:
    babel-helper-call-delegate "^6.8.0"
    babel-helper-get-function-arity "^6.8.0"
    babel-runtime "^6.9.0"
    babel-template "^6.9.0"
    babel-traverse "^6.11.4"
    babel-types "^6.9.0"

babel-plugin-transform-es2015-shorthand-properties@^6.3.13:
  version "6.8.0"
  resolved babel-plugin-transform-es2015-shorthand-properties-6.8.0.tgz#f0a4c5fd471630acf333c2d99c3d677bf0952149
  dependencies:
    babel-runtime "^6.0.0"
    babel-types "^6.8.0"

babel-plugin-transform-es2015-spread@^6.3.13:
  version "6.8.0"
  resolved babel-plugin-transform-es2015-spread-6.8.0.tgz#0217f737e3b821fa5a669f187c6ed59205f05e9c
  dependencies:
    babel-runtime "^6.0.0"

babel-plugin-transform-es2015-sticky-regex@^6.3.13:
  version "6.8.0"
  resolved babel-plugin-transform-es2015-sticky-regex-6.8.0.tgz#e73d300a440a35d5c64f5c2a344dc236e3df47be
  dependencies:
    babel-helper-regex "^6.8.0"
    babel-runtime "^6.0.0"
    babel-types "^6.8.0"

babel-plugin-transform-es2015-template-literals@^6.6.0:
  version "6.8.0"
  resolved babel-plugin-transform-es2015-template-literals-6.8.0.tgz#86eb876d0a2c635da4ec048b4f7de9dfc897e66b
  dependencies:
    babel-runtime "^6.0.0"

babel-plugin-transform-es2015-typeof-symbol@^6.6.0:
  version "6.8.0"
  resolved babel-plugin-transform-es2015-typeof-symbol-6.8.0.tgz#84c29eb1219372480955a020fef7a65c44f30533
  dependencies:
    babel-runtime "^6.0.0"

babel-plugin-transform-es2015-unicode-regex@^6.3.13:
  version "6.11.0"
  resolved babel-plugin-transform-es2015-unicode-regex-6.11.0.tgz#6298ceabaad88d50a3f4f392d8de997260f6ef2c
  dependencies:
    babel-helper-regex "^6.8.0"
    babel-runtime "^6.0.0"
    regexpu-core "^2.0.0"

babel-plugin-transform-flow-strip-types@^6.8.0:
  version "6.14.0"
  resolved babel-plugin-transform-flow-strip-types-6.14.0.tgz#35ceb03f8770934044bab1a76f7e4ee0aa9220f9
  dependencies:
    babel-plugin-syntax-flow "^6.8.0"
    babel-runtime "^6.0.0"

babel-plugin-transform-regenerator@^6.14.0, babel-plugin-transform-regenerator@^6.8.0:
  version "6.14.0"
  resolved babel-plugin-transform-regenerator-6.14.0.tgz#119119b20c8b4283f6c77f0170d404c3c654bec8
  dependencies:
    babel-core "^6.14.0"
    babel-plugin-syntax-async-functions "^6.8.0"
    babel-plugin-transform-es2015-block-scoping "^6.14.0"
    babel-plugin-transform-es2015-for-of "^6.8.0"
    babel-runtime "^6.9.0"
    babel-traverse "^6.14.0"
    babel-types "^6.14.0"
    babylon "^6.9.0"
    private "~0.1.5"

babel-plugin-transform-strict-mode@^6.8.0:
  version "6.11.3"
  resolved babel-plugin-transform-strict-mode-6.11.3.tgz#183741325126bc7ec9cf4c0fc257d3e7ca5afd40
  dependencies:
    babel-runtime "^6.0.0"
    babel-types "^6.8.0"

babel-polyfill@^6.8.0:
  version "6.13.0"
  resolved babel-polyfill-6.13.0.tgz#5978215c25d49a697eb78afc54e63c9d3a73d5ec
  dependencies:
    babel-runtime "^6.9.1"
    core-js "^2.4.0"
    regenerator-runtime "^0.9.5"

babel-preset-es2015@^6.8.0:
  version "6.14.0"
  resolved babel-preset-es2015-6.14.0.tgz#cd2437a96f02a4d19bb87e87980bf0b0288d13eb
  dependencies:
    babel-plugin-check-es2015-constants "^6.3.13"
    babel-plugin-transform-es2015-arrow-functions "^6.3.13"
    babel-plugin-transform-es2015-block-scoped-functions "^6.3.13"
    babel-plugin-transform-es2015-block-scoping "^6.14.0"
    babel-plugin-transform-es2015-classes "^6.14.0"
    babel-plugin-transform-es2015-computed-properties "^6.3.13"
    babel-plugin-transform-es2015-destructuring "^6.9.0"
    babel-plugin-transform-es2015-duplicate-keys "^6.6.0"
    babel-plugin-transform-es2015-for-of "^6.6.0"
    babel-plugin-transform-es2015-function-name "^6.9.0"
    babel-plugin-transform-es2015-literals "^6.3.13"
    babel-plugin-transform-es2015-modules-amd "^6.8.0"
    babel-plugin-transform-es2015-modules-commonjs "^6.14.0"
    babel-plugin-transform-es2015-modules-systemjs "^6.14.0"
    babel-plugin-transform-es2015-modules-umd "^6.12.0"
    babel-plugin-transform-es2015-object-super "^6.3.13"
    babel-plugin-transform-es2015-parameters "^6.9.0"
    babel-plugin-transform-es2015-shorthand-properties "^6.3.13"
    babel-plugin-transform-es2015-spread "^6.3.13"
    babel-plugin-transform-es2015-sticky-regex "^6.3.13"
    babel-plugin-transform-es2015-template-literals "^6.6.0"
    babel-plugin-transform-es2015-typeof-symbol "^6.6.0"
    babel-plugin-transform-es2015-unicode-regex "^6.3.13"
    babel-plugin-transform-regenerator "^6.14.0"

babel-register@^6.14.0, babel-register@^6.8.0:
  version "6.14.0"
  resolved babel-register-6.14.0.tgz#1261f94ee375808b564e24a800cc2179afbf0067
  dependencies:
    babel-core "^6.14.0"
    babel-runtime "^6.11.6"
    core-js "^2.4.0"
    home-or-tmp "^1.0.0"
    lodash "^4.2.0"
    mkdirp "^0.5.1"
    path-exists "^1.0.0"
    source-map-support "^0.2.10"

babel-runtime@^6.0.0, babel-runtime@^6.11.6, babel-runtime@^6.9.0, babel-runtime@^6.9.1:
  version "6.11.6"
  resolved babel-runtime-6.11.6.tgz#6db707fef2d49c49bfa3cb64efdb436b518b8222
  dependencies:
    core-js "^2.4.0"
    regenerator-runtime "^0.9.5"

babel-template@^6.14.0, babel-template@^6.15.0, babel-template@^6.8.0, babel-template@^6.9.0:
  version "6.15.0"
  resolved babel-template-6.15.0.tgz#a0f249c89d5d57e806fc50d0ec522fbddeade1f2
  dependencies:
    babel-runtime "^6.9.0"
    babel-traverse "^6.15.0"
    babel-types "^6.15.0"
    babylon "^6.9.0"
    lodash "^4.2.0"

babel-traverse@^6.11.4, babel-traverse@^6.14.0, babel-traverse@^6.15.0, babel-traverse@^6.8.0:
  version "6.15.0"
  resolved babel-traverse-6.15.0.tgz#f0114c8c84cfee32c94eca02bcd0d2cbc8928478
  dependencies:
    babel-code-frame "^6.8.0"
    babel-messages "^6.8.0"
    babel-runtime "^6.9.0"
    babel-types "^6.15.0"
    babylon "^6.9.0"
    debug "^2.2.0"
    globals "^8.3.0"
    invariant "^2.2.0"
    lodash "^4.2.0"

babel-types@^6.14.0, babel-types@^6.15.0, babel-types@^6.8.0, babel-types@^6.9.0:
  version "6.15.0"
  resolved babel-types-6.15.0.tgz#413d4fef4750a48570de819f18a64d39a4f3dc38
  dependencies:
    babel-runtime "^6.9.1"
    esutils "^2.0.2"
    lodash "^4.2.0"
    to-fast-properties "^1.0.1"

babylon@^6.9.0:
  version "6.10.0"
  resolved babylon-6.10.0.tgz#ebab5f4402c85261f77fecc3e10627ef90e53121

balanced-match@^0.4.1:
  version "0.4.2"
  resolved balanced-match-0.4.2.tgz#cb3f3e3c732dc0f01ee70b403f302e61d7709838

bcrypt-pbkdf@^1.0.0:
  version "1.0.0"
  resolved bcrypt-pbkdf-1.0.0.tgz#3ca76b85241c7170bf7d9703e7b9aa74630040d4
  dependencies:
    tweetnacl "^0.14.3"

bl@~1.1.2:
  version "1.1.2"
  resolved bl-1.1.2.tgz#fdca871a99713aa00d19e3bbba41c44787a65398
  dependencies:
    readable-stream "~2.0.5"

blessed@^0.1.81:
  version "0.1.81"
  resolved blessed-0.1.81.tgz#f962d687ec2c369570ae71af843256e6d0ca1129

bluebird@^3.1.5:
  version "3.4.6"
  resolved bluebird-3.4.6.tgz#01da8d821d87813d158967e743d5fe6c62cf8c0f

boom@2.x.x:
  version "2.10.1"
  resolved boom-2.10.1.tgz#39c8918ceff5799f83f9492a848f625add0c766f
  dependencies:
    hoek "2.x.x"

brace-expansion@^1.0.0:
  version "1.1.6"
  resolved brace-expansion-1.1.6.tgz#7197d7eaa9b87e648390ea61fc66c84427420df9
  dependencies:
    balanced-match "^0.4.1"
    concat-map "0.0.1"

bser@^1.0.2:
  version "1.0.2"
  resolved bser-1.0.2.tgz#381116970b2a6deea5646dd15dd7278444b56169
  dependencies:
    node-int64 "^0.4.0"

caseless@~0.11.0:
  version "0.11.0"
  resolved caseless-0.11.0.tgz#715b96ea9841593cc33067923f5ec60ebda4f7d7

chalk@^1.1.0, chalk@^1.1.1:
  version "1.1.3"
  resolved chalk-1.1.3.tgz#a8115c55e4a702fe4d150abd3872822a7e09fc98
  dependencies:
    ansi-styles "^2.2.1"
    escape-string-regexp "^1.0.2"
    has-ansi "^2.0.0"
    strip-ansi "^3.0.0"
    supports-color "^2.0.0"

colors@>=0.6.2, colors@~1.1.2:
  version "1.1.2"
  resolved colors-1.1.2.tgz#168a4701756b6a7f51a12ce0c97bfa28c084ed63

combined-stream@^1.0.5, combined-stream@~1.0.5:
  version "1.0.5"
  resolved combined-stream-1.0.5.tgz#938370a57b4a51dea2c77c15d5c5fdf895164009
  dependencies:
    delayed-stream "~1.0.0"

commander@^2.9.0:
  version "2.9.0"
  resolved commander-2.9.0.tgz#9c99094176e12240cb22d6c5146098400fe0f7d4
  dependencies:
    graceful-readlink ">= 1.0.0"

concat-map@0.0.1:
  version "0.0.1"
  resolved concat-map-0.0.1.tgz#d8a96bd77fd68df7793a73036a3ba0d5405d477b

convert-source-map@^1.1.0:
  version "1.3.0"
  resolved convert-source-map-1.3.0.tgz#e9f3e9c6e2728efc2676696a70eb382f73106a67

core-js@^2.4.0:
  version "2.4.1"
  resolved core-js-2.4.1.tgz#4de911e667b0eae9124e34254b53aea6fc618d3e

core-util-is@~1.0.0:
  version "1.0.2"
  resolved core-util-is-1.0.2.tgz#b5fd54220aa2bc5ab57aab7140c940754503c1a7

cryptiles@2.x.x:
  version "2.0.5"
  resolved cryptiles-2.0.5.tgz#3bdfecdc608147c1c67202fa291e7dca59eaa3b8
  dependencies:
    boom "2.x.x"

dashdash@^1.12.0:
  version "1.14.0"
  resolved dashdash-1.14.0.tgz#29e486c5418bf0f356034a993d51686a33e84141
  dependencies:
    assert-plus "^1.0.0"

debug@^2.1.1, debug@^2.2.0:
  version "2.2.0"
  resolved debug-2.2.0.tgz#f87057e995b1a1f6ae6a4960664137bc56f039da
  dependencies:
    ms "0.7.1"

delayed-stream@~1.0.0:
  version "1.0.0"
  resolved delayed-stream-1.0.0.tgz#df3ae199acadfb7d440aaae0b29e2272b24ec619

detect-indent@^3.0.1:
  version "3.0.1"
  resolved detect-indent-3.0.1.tgz#9dc5e5ddbceef8325764b9451b02bc6d54084f75
  dependencies:
    get-stdin "^4.0.1"
    minimist "^1.1.0"
    repeating "^1.1.0"

diff@~3.2.0:
  version "3.2.0"
  resolved diff-3.2.0.tgz#c9ce393a4b7cbd0b058a725c93df299027868ff9

ecc-jsbn@~0.1.1:
  version "0.1.1"
  resolved ecc-jsbn-0.1.1.tgz#0fc73a9ed5f0d53c38193398523ef7e543777505
  dependencies:
    jsbn "~0.1.0"

escape-string-regexp@^1.0.2:
  version "1.0.5"
  resolved escape-string-regexp-1.0.5.tgz#1b61c0562190a8dff6ae3bb2cf0200ca130b86d4

esutils@^2.0.2:
  version "2.0.2"
  resolved esutils-2.0.2.tgz#0abf4f1caa5bcb1f7a9d8acc6dea4faaa04bac9b

exec-sh@^0.2.0:
  version "0.2.0"
  resolved exec-sh-0.2.0.tgz#14f75de3f20d286ef933099b2ce50a90359cef10
  dependencies:
    merge "^1.1.3"

extend@~3.0.0:
  version "3.0.0"
  resolved extend-3.0.0.tgz#5a474353b9f3353ddd8176dfd37b91c83a46f1d4

extsprintf@1.0.2:
  version "1.0.2"
  resolved extsprintf-1.0.2.tgz#e1080e0658e300b06294990cc70e1502235fd550

fb-watchman@^1.8.0:
  version "1.9.0"
  resolved fb-watchman-1.9.0.tgz#6f268f1f347a6b3c875d1e89da7e1ed79adfc0ec
  dependencies:
    bser "^1.0.2"

flow-parser@~0.21.0:
  version "0.21.0"
  resolved flow-parser-0.21.0.tgz#80b575c7e67c2c6e483ed3aade98a190e2ef7ae9
  dependencies:
    ast-types "0.8.14"
    colors ">=0.6.2"
    minimist ">=0.2.0"

forever-agent@~0.6.1:
  version "0.6.1"
  resolved forever-agent-0.6.1.tgz#fbc71f0c41adeb37f96c577ad1ed42d8fdacca91

form-data@~2.0.0:
  version "2.0.0"
  resolved form-data-2.0.0.tgz#6f0aebadcc5da16c13e1ecc11137d85f9b883b25
  dependencies:
    asynckit "^0.4.0"
    combined-stream "^1.0.5"
    mime-types "^2.1.11"

fs.realpath@^1.0.0:
  version "1.0.0"
  resolved fs.realpath-1.0.0.tgz#1504ad2523158caa40db4a2787cb01411994ea4f

generate-function@^2.0.0:
  version "2.0.0"
  resolved generate-function-2.0.0.tgz#6858fe7c0969b7d4e9093337647ac79f60dfbe74

generate-object-property@^1.1.0:
  version "1.2.0"
  resolved generate-object-property-1.2.0.tgz#9c0e1c40308ce804f4783618b937fa88f99d50d0
  dependencies:
    is-property "^1.0.0"

get-stdin@^4.0.1:
  version "4.0.1"
  resolved get-stdin-4.0.1.tgz#b968c6b0a04384324902e8bf1a5df32579a450fe

getpass@^0.1.1:
  version "0.1.6"
  resolved getpass-0.1.6.tgz#283ffd9fc1256840875311c1b60e8c40187110e6
  dependencies:
    assert-plus "^1.0.0"

glob@^7.0.3, glob@^7.0.5:
  version "7.1.0"
  resolved glob-7.1.0.tgz#36add856d746d0d99e4cc2797bba1ae2c67272fd
  dependencies:
    fs.realpath "^1.0.0"
    inflight "^1.0.4"
    inherits "2"
    minimatch "^3.0.2"
    once "^1.3.0"
    path-is-absolute "^1.0.0"

globals@^8.3.0:
  version "8.18.0"
  resolved globals-8.18.0.tgz#93d4a62bdcac38cfafafc47d6b034768cb0ffcb4

"graceful-readlink@>= 1.0.0":
  version "1.0.1"
  resolved graceful-readlink-1.0.1.tgz#4cafad76bc62f02fa039b2f94e9a3dd3a391a725

har-validator@~2.0.6:
  version "2.0.6"
  resolved har-validator-2.0.6.tgz#cdcbc08188265ad119b6a5a7c8ab70eecfb5d27d
  dependencies:
    chalk "^1.1.1"
    commander "^2.9.0"
    is-my-json-valid "^2.12.4"
    pinkie-promise "^2.0.0"

has-ansi@^2.0.0:
  version "2.0.0"
  resolved has-ansi-2.0.0.tgz#34f5049ce1ecdf2b0649af3ef24e45ed35416d91
  dependencies:
    ansi-regex "^2.0.0"

hawk@~3.1.3:
  version "3.1.3"
  resolved hawk-3.1.3.tgz#078444bd7c1640b0fe540d2c9b73d59678e8e1c4
  dependencies:
    boom "2.x.x"
    cryptiles "2.x.x"
    hoek "2.x.x"
    sntp "1.x.x"

hoek@2.x.x:
  version "2.16.3"
  resolved hoek-2.16.3.tgz#20bb7403d3cea398e91dc4710a8ff1b8274a25ed

home-or-tmp@^1.0.0:
  version "1.0.0"
  resolved home-or-tmp-1.0.0.tgz#4b9f1e40800c3e50c6c27f781676afcce71f3985
  dependencies:
    os-tmpdir "^1.0.1"
    user-home "^1.1.1"

http-signature@~1.1.0:
  version "1.1.1"
  resolved http-signature-1.1.1.tgz#df72e267066cd0ac67fb76adf8e134a8fbcf91bf
  dependencies:
    assert-plus "^0.2.0"
    jsprim "^1.2.2"
    sshpk "^1.7.0"

inflight@^1.0.4:
  version "1.0.5"
  resolved inflight-1.0.5.tgz#db3204cd5a9de2e6cd890b85c6e2f66bcf4f620a
  dependencies:
    once "^1.3.0"
    wrappy "1"

inherits@2, inherits@~2.0.1:
  version "2.0.3"
  resolved inherits-2.0.3.tgz#633c2c83e3da42a502f52466022480f4208261de

invariant@^2.2.0:
  version "2.2.1"
  resolved invariant-2.2.1.tgz#b097010547668c7e337028ebe816ebe36c8a8d54
  dependencies:
    loose-envify "^1.0.0"

is-finite@^1.0.0:
  version "1.0.1"
  resolved is-finite-1.0.1.tgz#6438603eaebe2793948ff4a4262ec8db3d62597b
  dependencies:
    number-is-nan "^1.0.0"

is-my-json-valid@^2.12.4:
  version "2.14.0"
  resolved is-my-json-valid-2.14.0.tgz#47bf808609b2df5d48c969c74becd09fbca02725
  dependencies:
    generate-function "^2.0.0"
    generate-object-property "^1.1.0"
    jsonpointer "2.0.0"
    xtend "^4.0.0"

is-property@^1.0.0:
  version "1.0.2"
  resolved is-property-1.0.2.tgz#57fe1c4e48474edd65b09911f26b1cd4095dda84

is-typedarray@~1.0.0:
  version "1.0.0"
  resolved is-typedarray-1.0.0.tgz#e479c80858df0c1b11ddda6940f96011fcda4a9a

isarray@~1.0.0:
  version "1.0.0"
  resolved isarray-1.0.0.tgz#bb935d48582cba168c06834957a54a3e07124f11

isstream@~0.1.2:
  version "0.1.2"
  resolved isstream-0.1.2.tgz#47e63f7af55afa6f92e1500e690eb8b8529c099a

jodid25519@^1.0.0:
  version "1.0.2"
  resolved jodid25519-1.0.2.tgz#06d4912255093419477d425633606e0e90782967
  dependencies:
    jsbn "~0.1.0"

js-tokens@^1.0.1:
  version "1.0.3"
  resolved js-tokens-1.0.3.tgz#14e56eb68c8f1a92c43d59f5014ec29dc20f2ae1

js-tokens@^2.0.0:
  version "2.0.0"
  resolved js-tokens-2.0.0.tgz#79903f5563ee778cc1162e6dcf1a0027c97f9cb5

jsbn@~0.1.0:
  version "0.1.0"
  resolved jsbn-0.1.0.tgz#650987da0dd74f4ebf5a11377a2aa2d273e97dfd

jsesc@~0.5.0:
  version "0.5.0"
  resolved jsesc-0.5.0.tgz#e7dee66e35d6fc16f710fe91d5cf69f70f08911d

json-schema@0.2.3:
  version "0.2.3"
  resolved json-schema-0.2.3.tgz#b480c892e59a2f05954ce727bd3f2a4e882f9e13

json-stringify-safe@~5.0.1:
  version "5.0.1"
  resolved json-stringify-safe-5.0.1.tgz#1296a2d58fd45f19a0f6ce01d65701e2c735b6eb

json5@^0.4.0:
  version "0.4.0"
  resolved json5-0.4.0.tgz#054352e4c4c80c86c0923877d449de176a732c8d

jsonpointer@2.0.0:
  version "2.0.0"
  resolved jsonpointer-2.0.0.tgz#3af1dd20fe85463910d469a385e33017d2a030d9

jsprim@^1.2.2:
  version "1.3.1"
  resolved jsprim-1.3.1.tgz#2a7256f70412a29ee3670aaca625994c4dcff252
  dependencies:
    extsprintf "1.0.2"
    json-schema "0.2.3"
    verror "1.3.6"

lodash@^4.2.0:
  version "4.16.1"
  resolved lodash-4.16.1.tgz#75e15fcfe2721adbd6a7c5985f855288a03fc36d

loose-envify@^1.0.0:
  version "1.2.0"
  resolved loose-envify-1.2.0.tgz#69a65aad3de542cf4ee0f4fe74e8e33c709ccb0f
  dependencies:
    js-tokens "^1.0.1"

makeerror@1.0.x:
  version "1.0.11"
  resolved makeerror-1.0.11.tgz#e01a5c9109f2af79660e4e8b9587790184f5a96c
  dependencies:
    tmpl "1.0.x"

merge@^1.1.3:
  version "1.2.0"
  resolved merge-1.2.0.tgz#7531e39d4949c281a66b8c5a6e0265e8b05894da

mime-db@~1.24.0:
  version "1.24.0"
  resolved mime-db-1.24.0.tgz#e2d13f939f0016c6e4e9ad25a8652f126c467f0c

mime-types@^2.1.11, mime-types@~2.1.7:
  version "2.1.12"
  resolved mime-types-2.1.12.tgz#152ba256777020dd4663f54c2e7bc26381e71729
  dependencies:
    mime-db "~1.24.0"

mime@^1.3.4:
  version "1.3.4"
  resolved mime-1.3.4.tgz#115f9e3b6b3daf2959983cb38f149a2d40eb5d53

minimatch@^3.0.2:
  version "3.0.3"
  resolved minimatch-3.0.3.tgz#2a4e4090b96b2db06a9d7df01055a62a77c9b774
  dependencies:
    brace-expansion "^1.0.0"

minimist@0.0.8:
  version "0.0.8"
  resolved minimist-0.0.8.tgz#857fcabfc3397d2625b8228262e86aa7a011b05d

minimist@>=0.2.0, minimist@^1.1.0, minimist@^1.1.1, minimist@~1.2.0:
  version "1.2.0"
  resolved minimist-1.2.0.tgz#a35008b20f41383eec1fb914f4cd5df79a264284

mkdirp@^0.5.1:
  version "0.5.1"
  resolved mkdirp-0.5.1.tgz#30057438eac6cf7f8c4767f38648d6697d75c903
  dependencies:
    minimist "0.0.8"

ms@0.7.1:
  version "0.7.1"
  resolved ms-0.7.1.tgz#9cd13c03adbff25b65effde7ce864ee952017098

ncp@~2.0.0:
  version "2.0.0"
  resolved ncp-2.0.0.tgz#195a21d6c46e361d2fb1281ba38b91e9df7bdbb3

node-int64@^0.4.0:
  version "0.4.0"
  resolved node-int64-0.4.0.tgz#87a9065cdb355d3182d8f94ce11188b825c68a3b

node-uuid@~1.4.7:
  version "1.4.7"
  resolved node-uuid-1.4.7.tgz#6da5a17668c4b3dd59623bda11cf7fa4c1f60a6f

number-is-nan@^1.0.0:
  version "1.0.0"
  resolved number-is-nan-1.0.0.tgz#c020f529c5282adfdd233d91d4b181c3d686dc4b

oauth-sign@~0.8.1:
  version "0.8.2"
  resolved oauth-sign-0.8.2.tgz#46a6ab7f0aead8deae9ec0565780b7d4efeb9d43

once@^1.3.0:
  version "1.4.0"
  resolved once-1.4.0.tgz#583b1aa775961d4b113ac17d9c50baef9dd76bd1
  dependencies:
    wrappy "1"

os-tmpdir@^1.0.1:
  version "1.0.1"
  resolved os-tmpdir-1.0.1.tgz#e9b423a1edaf479882562e92ed71d7743a071b6e

path-exists@^1.0.0:
  version "1.0.0"
  resolved path-exists-1.0.0.tgz#d5a8998eb71ef37a74c34eb0d9eba6e878eea081

path-is-absolute@^1.0.0:
  version "1.0.0"
  resolved path-is-absolute-1.0.0.tgz#263dada66ab3f2fb10bf7f9d24dd8f3e570ef912

pinkie-promise@^2.0.0:
  version "2.0.1"
  resolved pinkie-promise-2.0.1.tgz#2135d6dfa7a358c069ac9b178776288228450ffa
  dependencies:
    pinkie "^2.0.0"

pinkie@^2.0.0:
  version "2.0.4"
  resolved pinkie-2.0.4.tgz#72556b80cfa0d48a974e80e77248e80ed4f7f870

private@^0.1.6, private@~0.1.5:
  version "0.1.6"
  resolved private-0.1.6.tgz#55c6a976d0f9bafb9924851350fe47b9b5fbb7c1

process-nextick-args@~1.0.6:
  version "1.0.7"
  resolved process-nextick-args-1.0.7.tgz#150e20b756590ad3f91093f25a4f2ad8bff30ba3

qs@~6.2.0:
  version "6.2.1"
  resolved qs-6.2.1.tgz#ce03c5ff0935bc1d9d69a9f14cbd18e568d67625

readable-stream@~2.0.5:
  version "2.0.6"
  resolved readable-stream-2.0.6.tgz#8f90341e68a53ccc928788dacfcd11b36eb9b78e
  dependencies:
    core-util-is "~1.0.0"
    inherits "~2.0.1"
    isarray "~1.0.0"
    process-nextick-args "~1.0.6"
    string_decoder "~0.10.x"
    util-deprecate "~1.0.1"

regenerate@^1.2.1:
  version "1.3.1"
  resolved regenerate-1.3.1.tgz#0300203a5d2fdcf89116dce84275d011f5903f33

regenerator-runtime@^0.9.5:
  version "0.9.5"
  resolved regenerator-runtime-0.9.5.tgz#403d6d40a4bdff9c330dd9392dcbb2d9a8bba1fc

regexpu-core@^2.0.0:
  version "2.0.0"
  resolved regexpu-core-2.0.0.tgz#49d038837b8dcf8bfa5b9a42139938e6ea2ae240
  dependencies:
    regenerate "^1.2.1"
    regjsgen "^0.2.0"
    regjsparser "^0.1.4"

regjsgen@^0.2.0:
  version "0.2.0"
  resolved regjsgen-0.2.0.tgz#6c016adeac554f75823fe37ac05b92d5a4edb1f7

regjsparser@^0.1.4:
  version "0.1.5"
  resolved regjsparser-0.1.5.tgz#7ee8f84dc6fa792d3fd0ae228d24bd949ead205c
  dependencies:
    jsesc "~0.5.0"

repeating@^1.1.0:
  version "1.1.3"
  resolved repeating-1.1.3.tgz#3d4114218877537494f97f77f9785fab810fa4ac
  dependencies:
    is-finite "^1.0.0"

request@^2.68.0:
  version "2.75.0"
  resolved request-2.75.0.tgz#d2b8268a286da13eaa5d01adf5d18cc90f657d93
  dependencies:
    aws-sign2 "~0.6.0"
    aws4 "^1.2.1"
    bl "~1.1.2"
    caseless "~0.11.0"
    combined-stream "~1.0.5"
    extend "~3.0.0"
    forever-agent "~0.6.1"
    form-data "~2.0.0"
    har-validator "~2.0.6"
    hawk "~3.1.3"
    http-signature "~1.1.0"
    is-typedarray "~1.0.0"
    isstream "~0.1.2"
    json-stringify-safe "~5.0.1"
    mime-types "~2.1.7"
    node-uuid "~1.4.7"
    oauth-sign "~0.8.1"
    qs "~6.2.0"
    stringstream "~0.0.4"
    tough-cookie "~2.3.0"
    tunnel-agent "~0.4.1"

resolve:
  version "1.1.7"
  resolved resolve-1.1.7.tgz#203114d82ad2c5ed9e8e0411b3932875e889e97b

rimraf@^2.5.2:
  version "2.5.4"
  resolved rimraf-2.5.4.tgz#96800093cbf1a0c86bd95b4625467535c29dfa04
  dependencies:
    glob "^7.0.5"

sane@^1.4.0:
  version "1.4.1"
  resolved sane-1.4.1.tgz#88f763d74040f5f0c256b6163db399bf110ac715
  dependencies:
    exec-sh "^0.2.0"
    fb-watchman "^1.8.0"
    minimatch "^3.0.2"
    minimist "^1.1.1"
    walker "~1.0.5"
    watch "~0.10.0"

shebang-regex@^1.0.0:
  version "1.0.0"
  resolved shebang-regex-1.0.0.tgz#da42f49740c0b42db2ca9728571cb190c98efea3

slash@^1.0.0:
  version "1.0.0"
  resolved slash-1.0.0.tgz#c41f2f6c39fc16d1cd17ad4b5d896114ae470d55

sntp@1.x.x:
  version "1.0.9"
  resolved sntp-1.0.9.tgz#6541184cc90aeea6c6e7b35e2659082443c66198
  dependencies:
    hoek "2.x.x"

source-map-support@^0.2.10:
  version "0.2.10"
  resolved source-map-support-0.2.10.tgz#ea5a3900a1c1cb25096a0ae8cc5c2b4b10ded3dc
  dependencies:
    source-map "0.1.32"

source-map-support@~0.4.0:
  version "0.4.2"
  resolved source-map-support-0.4.2.tgz#0710dc5315401e0bedbe0899a1bb938adbc02d5b
  dependencies:
    source-map "0.1.32"

source-map@0.1.32:
  version "0.1.32"
  resolved source-map-0.1.32.tgz#c8b6c167797ba4740a8ea33252162ff08591b266
  dependencies:
    amdefine ">=0.0.4"

source-map@^0.5.0:
  version "0.5.6"
  resolved source-map-0.5.6.tgz#75ce38f52bf0733c5a7f0c118d81334a2bb5f412

sshpk@^1.7.0:
  version "1.10.0"
  resolved sshpk-1.10.0.tgz#104d6ba2afb2ac099ab9567c0d193977f29c6dfa
  dependencies:
    asn1 "~0.2.3"
    assert-plus "^1.0.0"
    dashdash "^1.12.0"
    getpass "^0.1.1"
  optionalDependencies:
    bcrypt-pbkdf "^1.0.0"
    ecc-jsbn "~0.1.1"
    jodid25519 "^1.0.0"
    jsbn "~0.1.0"
    tweetnacl "~0.13.0"

string_decoder@~0.10.x:
  version "0.10.31"
  resolved string_decoder-0.10.31.tgz#62e203bc41766c6c28c9fc84301dab1c5310fa94

stringstream@~0.0.4:
  version "0.0.5"
  resolved stringstream-0.0.5.tgz#4e484cd4de5a0bbbee18e46307710a8a81621878

strip-ansi@^3.0.0:
  version "3.0.1"
  resolved strip-ansi-3.0.1.tgz#6a385fb8853d952d5ff05d0e8aaf94278dc63dcf
  dependencies:
    ansi-regex "^2.0.0"

supports-color@^2.0.0:
  version "2.0.0"
  resolved supports-color-2.0.0.tgz#535d045ce6b6363fa40117084629995e9df324c7

tmpl@1.0.x:
  version "1.0.4"
  resolved tmpl-1.0.4.tgz#23640dd7b42d00433911140820e5cf440e521dd1

to-fast-properties@^1.0.1:
  version "1.0.2"
  resolved to-fast-properties-1.0.2.tgz#f3f5c0c3ba7299a7ef99427e44633257ade43320

tough-cookie@~2.3.0:
  version "2.3.1"
  resolved tough-cookie-2.3.1.tgz#99c77dfbb7d804249e8a299d4cb0fd81fef083fd

tunnel-agent@~0.4.1:
  version "0.4.3"
  resolved tunnel-agent-0.4.3.tgz#6373db76909fe570e08d73583365ed828a74eeeb

tweetnacl@^0.14.3:
  version "0.14.3"
  resolved tweetnacl-0.14.3.tgz#3da382f670f25ded78d7b3d1792119bca0b7132d

tweetnacl@~0.13.0:
  version "0.13.3"
  resolved tweetnacl-0.13.3.tgz#d628b56f3bcc3d5ae74ba9d4c1a704def5ab4b56

twit@^2.1.5:
  version "2.2.5"
  resolved twit-2.2.5.tgz#241480bab71731162d2a87b27450e4aa3bb5be5f
  dependencies:
    bluebird "^3.1.5"
    mime "^1.3.4"
    request "^2.68.0"

user-home@^1.1.1:
  version "1.1.1"
  resolved user-home-1.1.1.tgz#2b5be23a32b63a7c9deb8d0f28d485724a3df190

util-deprecate@~1.0.1:
  version "1.0.2"
  resolved util-deprecate-1.0.2.tgz#450d4dc9fa70de732762fbd2d4a28981419a0ccf

verror@1.3.6:
  version "1.3.6"
  resolved verror-1.3.6.tgz#cff5df12946d297d2baaefaa2689e25be01c005c
  dependencies:
    extsprintf "1.0.2"

walker@~1.0.5:
  version "1.0.7"
  resolved walker-1.0.7.tgz#2f7f9b8fd10d677262b18a884e28d19618e028fb
  dependencies:
    makeerror "1.0.x"

watch@~0.10.0:
  version "0.10.0"
  resolved watch-0.10.0.tgz#77798b2da0f9910d595f1ace5b0c2258521f21dc

wrappy@1:
  version "1.0.2"
  resolved wrappy-1.0.2.tgz#b5243d8f3ec1aa35f1364605bc0d1036e30ab69f

xtend@^4.0.0:
  version "4.0.1"
  resolved xtend-4.0.1.tgz#a5c6d532be656e23db820efb943a1f04998d63af
