{
  "name": "flow-travis-resources",
  "dependencies": {
    "abbrev": {
      "version": "1.0.9",
      "from": "abbrev@>=1.0.0 <2.0.0",
      "resolved": "https://registry.npmjs.org/abbrev/-/abbrev-1.0.9.tgz"
    },
    "acorn": {
      "version": "3.3.0",
      "from": "acorn@>=3.0.4 <4.0.0",
      "resolved": "https://registry.npmjs.org/acorn/-/acorn-3.3.0.tgz"
    },
    "acorn-jsx": {
      "version": "3.0.1",
      "from": "acorn-jsx@>=3.0.1 <4.0.0",
      "resolved": "https://registry.npmjs.org/acorn-jsx/-/acorn-jsx-3.0.1.tgz"
    },
    "ansi-regex": {
      "version": "2.0.0",
      "from": "ansi-regex@>=2.0.0 <3.0.0",
      "resolved": "https://registry.npmjs.org/ansi-regex/-/ansi-regex-2.0.0.tgz"
    },
    "ansi-styles": {
      "version": "2.2.1",
      "from": "ansi-styles@>=2.2.1 <3.0.0",
      "resolved": "https://registry.npmjs.org/ansi-styles/-/ansi-styles-2.2.1.tgz"
    },
    "aproba": {
      "version": "1.0.4",
      "from": "aproba@>=1.0.3 <2.0.0",
      "resolved": "https://registry.npmjs.org/aproba/-/aproba-1.0.4.tgz"
    },
    "are-we-there-yet": {
      "version": "1.1.2",
      "from": "are-we-there-yet@>=1.1.2 <1.2.0",
      "resolved": "https://registry.npmjs.org/are-we-there-yet/-/are-we-there-yet-1.1.2.tgz"
    },
    "array-find-index": {
      "version": "1.0.2",
      "from": "array-find-index@>=1.0.1 <2.0.0",
      "resolved": "https://registry.npmjs.org/array-find-index/-/array-find-index-1.0.2.tgz"
    },
    "array-index": {
      "version": "1.0.0",
      "from": "array-index@>=1.0.0 <2.0.0",
      "resolved": "https://registry.npmjs.org/array-index/-/array-index-1.0.0.tgz"
    },
    "asn1": {
      "version": "0.2.3",
      "from": "asn1@>=0.2.3 <0.3.0",
      "resolved": "https://registry.npmjs.org/asn1/-/asn1-0.2.3.tgz"
    },
    "assert-plus": {
      "version": "0.2.0",
      "from": "assert-plus@>=0.2.0 <0.3.0",
      "resolved": "https://registry.npmjs.org/assert-plus/-/assert-plus-0.2.0.tgz"
    },
    "asynckit": {
      "version": "0.4.0",
      "from": "asynckit@>=0.4.0 <0.5.0",
      "resolved": "https://registry.npmjs.org/asynckit/-/asynckit-0.4.0.tgz"
    },
    "aws-sign2": {
      "version": "0.6.0",
      "from": "aws-sign2@>=0.6.0 <0.7.0",
      "resolved": "https://registry.npmjs.org/aws-sign2/-/aws-sign2-0.6.0.tgz"
    },
    "aws4": {
      "version": "1.5.0",
      "from": "aws4@>=1.2.1 <2.0.0",
      "resolved": "https://registry.npmjs.org/aws4/-/aws4-1.5.0.tgz"
    },
    "babel-runtime": {
      "version": "6.18.0",
      "from": "babel-runtime@>=6.0.0 <7.0.0",
      "resolved": "https://registry.npmjs.org/babel-runtime/-/babel-runtime-6.18.0.tgz"
    },
    "balanced-match": {
      "version": "0.4.2",
      "from": "balanced-match@>=0.4.1 <0.5.0",
      "resolved": "https://registry.npmjs.org/balanced-match/-/balanced-match-0.4.2.tgz"
    },
    "bcrypt-pbkdf": {
      "version": "1.0.0",
      "from": "bcrypt-pbkdf@>=1.0.0 <2.0.0",
      "resolved": "https://registry.npmjs.org/bcrypt-pbkdf/-/bcrypt-pbkdf-1.0.0.tgz"
    },
    "bl": {
      "version": "1.1.2",
      "from": "bl@>=1.0.0 <2.0.0",
      "resolved": "https://registry.npmjs.org/bl/-/bl-1.1.2.tgz",
      "dependencies": {
        "readable-stream": {
          "version": "2.0.6",
          "from": "readable-stream@>=2.0.5 <2.1.0",
          "resolved": "https://registry.npmjs.org/readable-stream/-/readable-stream-2.0.6.tgz"
        }
      }
    },
    "block-stream": {
      "version": "0.0.9",
      "from": "block-stream@*",
      "resolved": "https://registry.npmjs.org/block-stream/-/block-stream-0.0.9.tgz"
    },
    "boom": {
      "version": "2.10.1",
      "from": "boom@>=2.0.0 <3.0.0",
      "resolved": "https://registry.npmjs.org/boom/-/boom-2.10.1.tgz"
    },
    "brace-expansion": {
      "version": "1.1.6",
      "from": "brace-expansion@>=1.0.0 <2.0.0",
      "resolved": "https://registry.npmjs.org/brace-expansion/-/brace-expansion-1.1.6.tgz"
    },
    "buffer-shims": {
      "version": "1.0.0",
      "from": "buffer-shims@>=1.0.0 <2.0.0",
      "resolved": "https://registry.npmjs.org/buffer-shims/-/buffer-shims-1.0.0.tgz"
    },
    "builtin-modules": {
      "version": "1.1.1",
      "from": "builtin-modules@>=1.0.0 <2.0.0",
      "resolved": "https://registry.npmjs.org/builtin-modules/-/builtin-modules-1.1.1.tgz"
    },
    "bytes": {
      "version": "2.4.0",
      "from": "bytes@>=2.4.0 <3.0.0",
      "resolved": "https://registry.npmjs.org/bytes/-/bytes-2.4.0.tgz"
    },
    "camelcase": {
      "version": "3.0.0",
      "from": "camelcase@>=3.0.0 <4.0.0",
      "resolved": "https://registry.npmjs.org/camelcase/-/camelcase-3.0.0.tgz"
    },
    "caseless": {
      "version": "0.11.0",
      "from": "caseless@>=0.11.0 <0.12.0",
      "resolved": "https://registry.npmjs.org/caseless/-/caseless-0.11.0.tgz"
    },
    "chalk": {
      "version": "1.1.3",
      "from": "chalk@>=1.1.1 <2.0.0",
      "resolved": "https://registry.npmjs.org/chalk/-/chalk-1.1.3.tgz"
    },
    "clone": {
      "version": "1.0.2",
      "from": "clone@>=1.0.2 <2.0.0",
      "resolved": "https://registry.npmjs.org/clone/-/clone-1.0.2.tgz"
    },
    "cmd-shim": {
      "version": "2.0.2",
      "from": "cmd-shim@>=2.0.1 <3.0.0",
      "resolved": "https://registry.npmjs.org/cmd-shim/-/cmd-shim-2.0.2.tgz"
    },
    "code-point-at": {
      "version": "1.1.0",
      "from": "code-point-at@>=1.0.0 <2.0.0",
      "resolved": "https://registry.npmjs.org/code-point-at/-/code-point-at-1.1.0.tgz"
    },
    "combined-stream": {
      "version": "1.0.5",
      "from": "combined-stream@>=1.0.5 <1.1.0",
      "resolved": "https://registry.npmjs.org/combined-stream/-/combined-stream-1.0.5.tgz"
    },
    "commander": {
      "version": "2.9.0",
      "from": "commander@>=2.9.0 <3.0.0",
      "resolved": "https://registry.npmjs.org/commander/-/commander-2.9.0.tgz"
    },
    "concat-map": {
      "version": "0.0.1",
      "from": "concat-map@0.0.1",
      "resolved": "https://registry.npmjs.org/concat-map/-/concat-map-0.0.1.tgz"
    },
    "console-control-strings": {
      "version": "1.1.0",
      "from": "console-control-strings@>=1.1.0 <1.2.0",
      "resolved": "https://registry.npmjs.org/console-control-strings/-/console-control-strings-1.1.0.tgz"
    },
    "core-js": {
      "version": "2.4.1",
      "from": "core-js@>=2.4.0 <3.0.0",
      "resolved": "https://registry.npmjs.org/core-js/-/core-js-2.4.1.tgz"
    },
    "core-util-is": {
      "version": "1.0.2",
      "from": "core-util-is@>=1.0.0 <1.1.0",
      "resolved": "https://registry.npmjs.org/core-util-is/-/core-util-is-1.0.2.tgz"
    },
    "cryptiles": {
      "version": "2.0.5",
      "from": "cryptiles@>=2.0.0 <3.0.0",
      "resolved": "https://registry.npmjs.org/cryptiles/-/cryptiles-2.0.5.tgz"
    },
    "currently-unhandled": {
      "version": "0.4.1",
      "from": "currently-unhandled@>=0.4.1 <0.5.0",
      "resolved": "https://registry.npmjs.org/currently-unhandled/-/currently-unhandled-0.4.1.tgz"
    },
    "d": {
      "version": "0.1.1",
      "from": "d@>=0.1.1 <0.2.0",
      "resolved": "https://registry.npmjs.org/d/-/d-0.1.1.tgz"
    },
    "dashdash": {
      "version": "1.14.0",
      "from": "dashdash@>=1.12.0 <2.0.0",
      "resolved": "https://registry.npmjs.org/dashdash/-/dashdash-1.14.0.tgz",
      "dependencies": {
        "assert-plus": {
          "version": "1.0.0",
          "from": "assert-plus@>=1.0.0 <2.0.0",
          "resolved": "https://registry.npmjs.org/assert-plus/-/assert-plus-1.0.0.tgz"
        }
      }
    },
    "death": {
      "version": "1.0.0",
      "from": "death@>=1.0.0 <2.0.0",
      "resolved": "https://registry.npmjs.org/death/-/death-1.0.0.tgz"
    },
    "debug": {
      "version": "2.2.0",
      "from": "debug@>=2.2.0 <3.0.0",
      "resolved": "https://registry.npmjs.org/debug/-/debug-2.2.0.tgz"
    },
    "defaults": {
      "version": "1.0.3",
      "from": "defaults@>=1.0.3 <2.0.0",
      "resolved": "https://registry.npmjs.org/defaults/-/defaults-1.0.3.tgz"
    },
    "delayed-stream": {
      "version": "1.0.0",
      "from": "delayed-stream@>=1.0.0 <1.1.0",
      "resolved": "https://registry.npmjs.org/delayed-stream/-/delayed-stream-1.0.0.tgz"
    },
    "delegates": {
      "version": "1.0.0",
      "from": "delegates@>=1.0.0 <2.0.0",
      "resolved": "https://registry.npmjs.org/delegates/-/delegates-1.0.0.tgz"
    },
    "detect-indent": {
      "version": "4.0.0",
      "from": "detect-indent@>=4.0.0 <5.0.0",
      "resolved": "https://registry.npmjs.org/detect-indent/-/detect-indent-4.0.0.tgz"
    },
    "diff": {
      "version": "2.2.3",
      "from": "diff@>=2.2.1 <3.0.0",
      "resolved": "https://registry.npmjs.org/diff/-/diff-2.2.3.tgz"
    },
    "doctrine": {
      "version": "1.5.0",
      "from": "doctrine@>=1.2.2 <2.0.0",
      "resolved": "https://registry.npmjs.org/doctrine/-/doctrine-1.5.0.tgz"
    },
    "ecc-jsbn": {
      "version": "0.1.1",
      "from": "ecc-jsbn@>=0.1.1 <0.2.0",
      "resolved": "https://registry.npmjs.org/ecc-jsbn/-/ecc-jsbn-0.1.1.tgz"
    },
    "end-of-stream": {
      "version": "1.1.0",
      "from": "end-of-stream@>=1.0.0 <2.0.0",
      "resolved": "https://registry.npmjs.org/end-of-stream/-/end-of-stream-1.1.0.tgz",
      "dependencies": {
        "once": {
          "version": "1.3.3",
          "from": "once@>=1.3.0 <1.4.0",
          "resolved": "https://registry.npmjs.org/once/-/once-1.3.3.tgz"
        }
      }
    },
    "err-code": {
      "version": "1.1.1",
      "from": "err-code@>=1.0.0 <2.0.0",
      "resolved": "https://registry.npmjs.org/err-code/-/err-code-1.1.1.tgz"
    },
    "es5-ext": {
      "version": "0.10.12",
      "from": "es5-ext@>=0.10.11 <0.11.0",
      "resolved": "https://registry.npmjs.org/es5-ext/-/es5-ext-0.10.12.tgz"
    },
    "es6-iterator": {
      "version": "2.0.0",
      "from": "es6-iterator@>=2.0.0 <3.0.0",
      "resolved": "https://registry.npmjs.org/es6-iterator/-/es6-iterator-2.0.0.tgz"
    },
    "es6-symbol": {
      "version": "3.1.0",
      "from": "es6-symbol@>=3.0.2 <4.0.0",
      "resolved": "https://registry.npmjs.org/es6-symbol/-/es6-symbol-3.1.0.tgz"
    },
    "escape-string-regexp": {
      "version": "1.0.5",
      "from": "escape-string-regexp@>=1.0.2 <2.0.0",
      "resolved": "https://registry.npmjs.org/escape-string-regexp/-/escape-string-regexp-1.0.5.tgz"
    },
    "eslint-plugin-react": {
      "version": "5.2.2",
      "from": "eslint-plugin-react@5.2.2",
      "resolved": "https://registry.npmjs.org/eslint-plugin-react/-/eslint-plugin-react-5.2.2.tgz"
    },
    "esutils": {
      "version": "2.0.2",
      "from": "esutils@>=2.0.2 <3.0.0",
      "resolved": "https://registry.npmjs.org/esutils/-/esutils-2.0.2.tgz"
    },
    "extend": {
      "version": "3.0.0",
      "from": "extend@>=3.0.0 <3.1.0",
      "resolved": "https://registry.npmjs.org/extend/-/extend-3.0.0.tgz"
    },
    "extsprintf": {
      "version": "1.0.2",
      "from": "extsprintf@1.0.2",
      "resolved": "https://registry.npmjs.org/extsprintf/-/extsprintf-1.0.2.tgz"
    },
    "forever-agent": {
      "version": "0.6.1",
      "from": "forever-agent@>=0.6.1 <0.7.0",
      "resolved": "https://registry.npmjs.org/forever-agent/-/forever-agent-0.6.1.tgz"
    },
    "form-data": {
      "version": "2.1.1",
      "from": "form-data@>=2.1.1 <2.2.0",
      "resolved": "https://registry.npmjs.org/form-data/-/form-data-2.1.1.tgz"
    },
    "fs.realpath": {
      "version": "1.0.0",
      "from": "fs.realpath@>=1.0.0 <2.0.0",
      "resolved": "https://registry.npmjs.org/fs.realpath/-/fs.realpath-1.0.0.tgz"
    },
    "fstream": {
      "version": "1.0.10",
      "from": "fstream@>=1.0.0 <2.0.0",
      "resolved": "https://registry.npmjs.org/fstream/-/fstream-1.0.10.tgz"
    },
    "gauge": {
      "version": "2.6.0",
      "from": "gauge@>=2.6.0 <2.7.0",
      "resolved": "https://registry.npmjs.org/gauge/-/gauge-2.6.0.tgz"
    },
    "generate-function": {
      "version": "2.0.0",
      "from": "generate-function@>=2.0.0 <3.0.0",
      "resolved": "https://registry.npmjs.org/generate-function/-/generate-function-2.0.0.tgz"
    },
    "generate-object-property": {
      "version": "1.2.0",
      "from": "generate-object-property@>=1.1.0 <2.0.0",
      "resolved": "https://registry.npmjs.org/generate-object-property/-/generate-object-property-1.2.0.tgz"
    },
    "getpass": {
      "version": "0.1.6",
      "from": "getpass@>=0.1.1 <0.2.0",
      "resolved": "https://registry.npmjs.org/getpass/-/getpass-0.1.6.tgz",
      "dependencies": {
        "assert-plus": {
          "version": "1.0.0",
          "from": "assert-plus@>=1.0.0 <2.0.0",
          "resolved": "https://registry.npmjs.org/assert-plus/-/assert-plus-1.0.0.tgz"
        }
      }
    },
    "glob": {
      "version": "7.1.1",
      "from": "glob@>=7.0.3 <8.0.0",
      "resolved": "https://registry.npmjs.org/glob/-/glob-7.1.1.tgz"
    },
    "graceful-fs": {
      "version": "4.1.10",
      "from": "graceful-fs@>=4.1.2 <5.0.0",
      "resolved": "https://registry.npmjs.org/graceful-fs/-/graceful-fs-4.1.10.tgz"
    },
    "graceful-readlink": {
      "version": "1.0.1",
      "from": "graceful-readlink@>=1.0.0",
      "resolved": "https://registry.npmjs.org/graceful-readlink/-/graceful-readlink-1.0.1.tgz"
    },
    "har-validator": {
      "version": "2.0.6",
      "from": "har-validator@>=2.0.6 <2.1.0",
      "resolved": "https://registry.npmjs.org/har-validator/-/har-validator-2.0.6.tgz"
    },
    "has-ansi": {
      "version": "2.0.0",
      "from": "has-ansi@>=2.0.0 <3.0.0",
      "resolved": "https://registry.npmjs.org/has-ansi/-/has-ansi-2.0.0.tgz"
    },
    "has-color": {
      "version": "0.1.7",
      "from": "has-color@>=0.1.7 <0.2.0",
      "resolved": "https://registry.npmjs.org/has-color/-/has-color-0.1.7.tgz"
    },
    "has-unicode": {
      "version": "2.0.1",
      "from": "has-unicode@>=2.0.0 <3.0.0",
      "resolved": "https://registry.npmjs.org/has-unicode/-/has-unicode-2.0.1.tgz"
    },
    "hawk": {
      "version": "3.1.3",
      "from": "hawk@>=3.1.3 <3.2.0",
      "resolved": "https://registry.npmjs.org/hawk/-/hawk-3.1.3.tgz"
    },
    "hoek": {
      "version": "2.16.3",
      "from": "hoek@>=2.0.0 <3.0.0",
      "resolved": "https://registry.npmjs.org/hoek/-/hoek-2.16.3.tgz"
    },
    "http-signature": {
      "version": "1.1.1",
      "from": "http-signature@>=1.1.0 <1.2.0",
      "resolved": "https://registry.npmjs.org/http-signature/-/http-signature-1.1.1.tgz"
    },
    "inflight": {
      "version": "1.0.6",
      "from": "inflight@>=1.0.4 <2.0.0",
      "resolved": "https://registry.npmjs.org/inflight/-/inflight-1.0.6.tgz"
    },
    "inherits": {
      "version": "2.0.3",
      "from": "inherits@>=2.0.0 <2.1.0",
      "resolved": "https://registry.npmjs.org/inherits/-/inherits-2.0.3.tgz"
    },
    "ini": {
      "version": "1.3.4",
      "from": "ini@>=1.3.4 <2.0.0",
      "resolved": "https://registry.npmjs.org/ini/-/ini-1.3.4.tgz"
    },
    "invariant": {
      "version": "2.2.1",
      "from": "invariant@>=2.2.0 <3.0.0",
      "resolved": "https://registry.npmjs.org/invariant/-/invariant-2.2.1.tgz"
    },
    "is-builtin-module": {
      "version": "1.0.0",
      "from": "is-builtin-module@>=1.0.0 <2.0.0",
      "resolved": "https://registry.npmjs.org/is-builtin-module/-/is-builtin-module-1.0.0.tgz"
    },
    "is-finite": {
      "version": "1.0.2",
      "from": "is-finite@>=1.0.0 <2.0.0",
      "resolved": "https://registry.npmjs.org/is-finite/-/is-finite-1.0.2.tgz"
    },
    "is-fullwidth-code-point": {
      "version": "1.0.0",
      "from": "is-fullwidth-code-point@>=1.0.0 <2.0.0",
      "resolved": "https://registry.npmjs.org/is-fullwidth-code-point/-/is-fullwidth-code-point-1.0.0.tgz"
    },
    "is-my-json-valid": {
      "version": "2.15.0",
      "from": "is-my-json-valid@>=2.12.4 <3.0.0",
      "resolved": "https://registry.npmjs.org/is-my-json-valid/-/is-my-json-valid-2.15.0.tgz"
    },
    "is-property": {
      "version": "1.0.2",
      "from": "is-property@>=1.0.0 <2.0.0",
      "resolved": "https://registry.npmjs.org/is-property/-/is-property-1.0.2.tgz"
    },
    "is-typedarray": {
      "version": "1.0.0",
      "from": "is-typedarray@>=1.0.0 <1.1.0",
      "resolved": "https://registry.npmjs.org/is-typedarray/-/is-typedarray-1.0.0.tgz"
    },
    "is-utf8": {
      "version": "0.2.1",
      "from": "is-utf8@>=0.2.0 <0.3.0",
      "resolved": "https://registry.npmjs.org/is-utf8/-/is-utf8-0.2.1.tgz"
    },
    "isarray": {
      "version": "1.0.0",
      "from": "isarray@>=1.0.0 <2.0.0",
      "resolved": "https://registry.npmjs.org/isarray/-/isarray-1.0.0.tgz"
    },
    "isexe": {
      "version": "1.1.2",
      "from": "isexe@>=1.1.1 <2.0.0",
      "resolved": "https://registry.npmjs.org/isexe/-/isexe-1.1.2.tgz"
    },
    "isstream": {
      "version": "0.1.2",
      "from": "isstream@>=0.1.2 <0.2.0",
      "resolved": "https://registry.npmjs.org/isstream/-/isstream-0.1.2.tgz"
    },
    "jodid25519": {
      "version": "1.0.2",
      "from": "jodid25519@>=1.0.0 <2.0.0",
      "resolved": "https://registry.npmjs.org/jodid25519/-/jodid25519-1.0.2.tgz"
    },
    "js-tokens": {
      "version": "2.0.0",
      "from": "js-tokens@>=2.0.0 <3.0.0",
      "resolved": "https://registry.npmjs.org/js-tokens/-/js-tokens-2.0.0.tgz"
    },
    "jsbn": {
      "version": "0.1.0",
      "from": "jsbn@>=0.1.0 <0.2.0",
      "resolved": "https://registry.npmjs.org/jsbn/-/jsbn-0.1.0.tgz"
    },
    "json-schema": {
      "version": "0.2.3",
      "from": "json-schema@0.2.3",
      "resolved": "https://registry.npmjs.org/json-schema/-/json-schema-0.2.3.tgz"
    },
    "json-stringify-safe": {
      "version": "5.0.1",
      "from": "json-stringify-safe@>=5.0.1 <5.1.0",
      "resolved": "https://registry.npmjs.org/json-stringify-safe/-/json-stringify-safe-5.0.1.tgz"
    },
    "jsonpointer": {
      "version": "4.0.0",
      "from": "jsonpointer@>=4.0.0 <5.0.0",
      "resolved": "https://registry.npmjs.org/jsonpointer/-/jsonpointer-4.0.0.tgz"
    },
    "jsprim": {
      "version": "1.3.1",
      "from": "jsprim@>=1.2.2 <2.0.0",
      "resolved": "https://registry.npmjs.org/jsprim/-/jsprim-1.3.1.tgz"
    },
    "jsx-ast-utils": {
      "version": "1.3.3",
      "from": "jsx-ast-utils@>=1.2.1 <2.0.0",
      "resolved": "https://registry.npmjs.org/jsx-ast-utils/-/jsx-ast-utils-1.3.3.tgz"
    },
    "leven": {
      "version": "2.0.0",
      "from": "leven@>=2.0.0 <3.0.0",
      "resolved": "https://registry.npmjs.org/leven/-/leven-2.0.0.tgz"
    },
    "loose-envify": {
      "version": "1.3.0",
      "from": "loose-envify@>=1.0.0 <2.0.0",
      "resolved": "https://registry.npmjs.org/loose-envify/-/loose-envify-1.3.0.tgz"
    },
    "loud-rejection": {
      "version": "1.6.0",
      "from": "loud-rejection@>=1.2.0 <2.0.0",
      "resolved": "https://registry.npmjs.org/loud-rejection/-/loud-rejection-1.6.0.tgz"
    },
    "mime-db": {
      "version": "1.24.0",
      "from": "mime-db@>=1.24.0 <1.25.0",
      "resolved": "https://registry.npmjs.org/mime-db/-/mime-db-1.24.0.tgz"
    },
    "mime-types": {
      "version": "2.1.12",
      "from": "mime-types@>=2.1.7 <2.2.0",
      "resolved": "https://registry.npmjs.org/mime-types/-/mime-types-2.1.12.tgz"
    },
    "minimatch": {
      "version": "3.0.3",
      "from": "minimatch@>=3.0.3 <4.0.0",
      "resolved": "https://registry.npmjs.org/minimatch/-/minimatch-3.0.3.tgz"
    },
    "minimist": {
      "version": "0.0.8",
      "from": "minimist@0.0.8",
      "resolved": "https://registry.npmjs.org/minimist/-/minimist-0.0.8.tgz"
    },
    "mkdirp": {
      "version": "0.5.1",
      "from": "mkdirp@>=0.5.1 <0.6.0",
      "resolved": "https://registry.npmjs.org/mkdirp/-/mkdirp-0.5.1.tgz"
    },
    "ms": {
      "version": "0.7.1",
      "from": "ms@0.7.1",
      "resolved": "https://registry.npmjs.org/ms/-/ms-0.7.1.tgz"
    },
    "mute-stream": {
      "version": "0.0.6",
      "from": "mute-stream@>=0.0.4 <0.1.0",
      "resolved": "https://registry.npmjs.org/mute-stream/-/mute-stream-0.0.6.tgz"
    },
    "node-emoji": {
      "version": "1.4.1",
      "from": "node-emoji@>=1.0.4 <2.0.0",
      "resolved": "https://registry.npmjs.org/node-emoji/-/node-emoji-1.4.1.tgz"
    },
    "node-gyp": {
      "version": "3.4.0",
      "from": "node-gyp@>=3.2.1 <4.0.0",
      "resolved": "https://registry.npmjs.org/node-gyp/-/node-gyp-3.4.0.tgz"
    },
    "node-uuid": {
      "version": "1.4.7",
      "from": "node-uuid@>=1.4.7 <1.5.0",
      "resolved": "https://registry.npmjs.org/node-uuid/-/node-uuid-1.4.7.tgz"
    },
    "nopt": {
      "version": "3.0.6",
      "from": "nopt@>=2.0.0 <3.0.0||>=3.0.0 <4.0.0",
      "resolved": "https://registry.npmjs.org/nopt/-/nopt-3.0.6.tgz"
    },
    "npmlog": {
      "version": "3.1.2",
      "from": "npmlog@>=0.0.0 <1.0.0||>=1.0.0 <2.0.0||>=2.0.0 <3.0.0||>=3.0.0 <4.0.0",
      "resolved": "https://registry.npmjs.org/npmlog/-/npmlog-3.1.2.tgz"
    },
    "number-is-nan": {
      "version": "1.0.1",
      "from": "number-is-nan@>=1.0.0 <2.0.0",
      "resolved": "https://registry.npmjs.org/number-is-nan/-/number-is-nan-1.0.1.tgz"
    },
    "oauth-sign": {
      "version": "0.8.2",
      "from": "oauth-sign@>=0.8.1 <0.9.0",
      "resolved": "https://registry.npmjs.org/oauth-sign/-/oauth-sign-0.8.2.tgz"
    },
    "object-assign": {
      "version": "4.1.0",
      "from": "object-assign@>=4.1.0 <5.0.0",
      "resolved": "https://registry.npmjs.org/object-assign/-/object-assign-4.1.0.tgz"
    },
    "object-path": {
      "version": "0.11.2",
      "from": "object-path@>=0.11.2 <0.12.0",
      "resolved": "https://registry.npmjs.org/object-path/-/object-path-0.11.2.tgz"
    },
    "once": {
      "version": "1.4.0",
      "from": "once@>=1.3.0 <2.0.0",
      "resolved": "https://registry.npmjs.org/once/-/once-1.4.0.tgz"
    },
    "os-homedir": {
      "version": "1.0.2",
      "from": "os-homedir@>=1.0.0 <2.0.0",
      "resolved": "https://registry.npmjs.org/os-homedir/-/os-homedir-1.0.2.tgz"
    },
    "os-tmpdir": {
      "version": "1.0.2",
      "from": "os-tmpdir@>=1.0.0 <2.0.0",
      "resolved": "https://registry.npmjs.org/os-tmpdir/-/os-tmpdir-1.0.2.tgz"
    },
    "osenv": {
      "version": "0.1.3",
      "from": "osenv@>=0.0.0 <1.0.0",
      "resolved": "https://registry.npmjs.org/osenv/-/osenv-0.1.3.tgz"
    },
    "path-array": {
      "version": "1.0.1",
      "from": "path-array@>=1.0.0 <2.0.0",
      "resolved": "https://registry.npmjs.org/path-array/-/path-array-1.0.1.tgz"
    },
    "path-is-absolute": {
      "version": "1.0.1",
      "from": "path-is-absolute@>=1.0.0 <2.0.0",
      "resolved": "https://registry.npmjs.org/path-is-absolute/-/path-is-absolute-1.0.1.tgz"
    },
    "pinkie": {
      "version": "2.0.4",
      "from": "pinkie@>=2.0.0 <3.0.0",
      "resolved": "https://registry.npmjs.org/pinkie/-/pinkie-2.0.4.tgz"
    },
    "pinkie-promise": {
      "version": "2.0.1",
      "from": "pinkie-promise@>=2.0.0 <3.0.0",
      "resolved": "https://registry.npmjs.org/pinkie-promise/-/pinkie-promise-2.0.1.tgz"
    },
    "process-nextick-args": {
      "version": "1.0.7",
      "from": "process-nextick-args@>=1.0.6 <1.1.0",
      "resolved": "https://registry.npmjs.org/process-nextick-args/-/process-nextick-args-1.0.7.tgz"
    },
    "proper-lockfile": {
      "version": "1.2.0",
      "from": "proper-lockfile@>=1.1.3 <2.0.0",
      "resolved": "https://registry.npmjs.org/proper-lockfile/-/proper-lockfile-1.2.0.tgz"
    },
    "punycode": {
      "version": "1.4.1",
      "from": "punycode@>=1.4.1 <2.0.0",
      "resolved": "https://registry.npmjs.org/punycode/-/punycode-1.4.1.tgz"
    },
    "qs": {
      "version": "6.3.0",
      "from": "qs@>=6.3.0 <6.4.0",
      "resolved": "https://registry.npmjs.org/qs/-/qs-6.3.0.tgz"
    },
    "read": {
      "version": "1.0.7",
      "from": "read@>=1.0.7 <2.0.0",
      "resolved": "https://registry.npmjs.org/read/-/read-1.0.7.tgz"
    },
    "readable-stream": {
      "version": "2.1.5",
      "from": "readable-stream@>=2.0.0 <3.0.0||>=1.1.13 <2.0.0",
      "resolved": "https://registry.npmjs.org/readable-stream/-/readable-stream-2.1.5.tgz"
    },
    "regenerator-runtime": {
      "version": "0.9.5",
      "from": "regenerator-runtime@>=0.9.5 <0.10.0",
      "resolved": "https://registry.npmjs.org/regenerator-runtime/-/regenerator-runtime-0.9.5.tgz"
    },
    "repeating": {
      "version": "2.0.1",
      "from": "repeating@>=2.0.0 <3.0.0",
      "resolved": "https://registry.npmjs.org/repeating/-/repeating-2.0.1.tgz"
    },
    "request": {
      "version": "2.78.0",
      "from": "request@>=2.75.0 <3.0.0",
      "resolved": "https://registry.npmjs.org/request/-/request-2.78.0.tgz"
    },
    "request-capture-har": {
      "version": "1.1.4",
      "from": "request-capture-har@>=1.1.4 <2.0.0",
      "resolved": "https://registry.npmjs.org/request-capture-har/-/request-capture-har-1.1.4.tgz"
    },
    "retry": {
      "version": "0.10.0",
      "from": "retry@>=0.10.0 <0.11.0",
      "resolved": "https://registry.npmjs.org/retry/-/retry-0.10.0.tgz"
    },
    "rimraf": {
      "version": "2.5.4",
      "from": "rimraf@>=2.5.0 <3.0.0",
      "resolved": "https://registry.npmjs.org/rimraf/-/rimraf-2.5.4.tgz"
    },
    "roadrunner": {
      "version": "1.1.0",
      "from": "roadrunner@>=1.1.0 <2.0.0",
      "resolved": "https://registry.npmjs.org/roadrunner/-/roadrunner-1.1.0.tgz"
    },
    "semver": {
      "version": "5.3.0",
      "from": "semver@>=5.1.0 <6.0.0",
      "resolved": "https://registry.npmjs.org/semver/-/semver-5.3.0.tgz"
    },
    "set-blocking": {
      "version": "2.0.0",
      "from": "set-blocking@>=2.0.0 <2.1.0",
      "resolved": "https://registry.npmjs.org/set-blocking/-/set-blocking-2.0.0.tgz"
    },
    "signal-exit": {
      "version": "3.0.1",
      "from": "signal-exit@>=3.0.0 <4.0.0",
      "resolved": "https://registry.npmjs.org/signal-exit/-/signal-exit-3.0.1.tgz"
    },
    "sntp": {
      "version": "1.0.9",
      "from": "sntp@>=1.0.0 <2.0.0",
      "resolved": "https://registry.npmjs.org/sntp/-/sntp-1.0.9.tgz"
    },
    "spdx-correct": {
      "version": "1.0.2",
      "from": "spdx-correct@>=1.0.0 <1.1.0",
      "resolved": "https://registry.npmjs.org/spdx-correct/-/spdx-correct-1.0.2.tgz"
    },
    "spdx-expression-parse": {
      "version": "1.0.4",
      "from": "spdx-expression-parse@>=1.0.0 <1.1.0",
      "resolved": "https://registry.npmjs.org/spdx-expression-parse/-/spdx-expression-parse-1.0.4.tgz"
    },
    "spdx-license-ids": {
      "version": "1.2.2",
      "from": "spdx-license-ids@>=1.0.2 <2.0.0",
      "resolved": "https://registry.npmjs.org/spdx-license-ids/-/spdx-license-ids-1.2.2.tgz"
    },
    "sshpk": {
      "version": "1.10.1",
      "from": "sshpk@>=1.7.0 <2.0.0",
      "resolved": "https://registry.npmjs.org/sshpk/-/sshpk-1.10.1.tgz",
      "dependencies": {
        "assert-plus": {
          "version": "1.0.0",
          "from": "assert-plus@>=1.0.0 <2.0.0",
          "resolved": "https://registry.npmjs.org/assert-plus/-/assert-plus-1.0.0.tgz"
        }
      }
    },
    "string_decoder": {
      "version": "0.10.31",
      "from": "string_decoder@>=0.10.0 <0.11.0",
      "resolved": "https://registry.npmjs.org/string_decoder/-/string_decoder-0.10.31.tgz"
    },
    "string-width": {
      "version": "1.0.2",
      "from": "string-width@>=1.0.1 <2.0.0",
      "resolved": "https://registry.npmjs.org/string-width/-/string-width-1.0.2.tgz"
    },
    "string.prototype.codepointat": {
      "version": "0.2.0",
      "from": "string.prototype.codepointat@>=0.2.0 <0.3.0",
      "resolved": "https://registry.npmjs.org/string.prototype.codepointat/-/string.prototype.codepointat-0.2.0.tgz"
    },
    "stringstream": {
      "version": "0.0.5",
      "from": "stringstream@>=0.0.4 <0.1.0",
      "resolved": "https://registry.npmjs.org/stringstream/-/stringstream-0.0.5.tgz"
    },
    "strip-ansi": {
      "version": "3.0.1",
      "from": "strip-ansi@>=3.0.0 <4.0.0",
      "resolved": "https://registry.npmjs.org/strip-ansi/-/strip-ansi-3.0.1.tgz"
    },
    "strip-bom": {
      "version": "2.0.0",
      "from": "strip-bom@>=2.0.0 <3.0.0",
      "resolved": "https://registry.npmjs.org/strip-bom/-/strip-bom-2.0.0.tgz"
    },
    "supports-color": {
      "version": "2.0.0",
      "from": "supports-color@>=2.0.0 <3.0.0",
      "resolved": "https://registry.npmjs.org/supports-color/-/supports-color-2.0.0.tgz"
    },
    "tar": {
      "version": "2.2.1",
      "from": "tar@>=2.2.1 <3.0.0",
      "resolved": "https://registry.npmjs.org/tar/-/tar-2.2.1.tgz"
    },
    "tar-stream": {
      "version": "1.5.2",
      "from": "tar-stream@>=1.5.2 <2.0.0",
      "resolved": "https://registry.npmjs.org/tar-stream/-/tar-stream-1.5.2.tgz"
    },
    "tough-cookie": {
      "version": "2.3.2",
      "from": "tough-cookie@>=2.3.0 <2.4.0",
      "resolved": "https://registry.npmjs.org/tough-cookie/-/tough-cookie-2.3.2.tgz"
    },
    "tunnel-agent": {
      "version": "0.4.3",
      "from": "tunnel-agent@>=0.4.1 <0.5.0",
      "resolved": "https://registry.npmjs.org/tunnel-agent/-/tunnel-agent-0.4.3.tgz"
    },
    "tweetnacl": {
      "version": "0.14.3",
      "from": "tweetnacl@>=0.14.0 <0.15.0",
      "resolved": "https://registry.npmjs.org/tweetnacl/-/tweetnacl-0.14.3.tgz"
    },
    "user-home": {
      "version": "2.0.0",
      "from": "user-home@>=2.0.0 <3.0.0",
      "resolved": "https://registry.npmjs.org/user-home/-/user-home-2.0.0.tgz"
    },
    "util-deprecate": {
      "version": "1.0.2",
      "from": "util-deprecate@>=1.0.1 <1.1.0",
      "resolved": "https://registry.npmjs.org/util-deprecate/-/util-deprecate-1.0.2.tgz"
    },
    "validate-npm-package-license": {
      "version": "3.0.1",
      "from": "validate-npm-package-license@>=3.0.1 <4.0.0",
      "resolved": "https://registry.npmjs.org/validate-npm-package-license/-/validate-npm-package-license-3.0.1.tgz"
    },
    "verror": {
      "version": "1.3.6",
      "from": "verror@1.3.6",
      "resolved": "https://registry.npmjs.org/verror/-/verror-1.3.6.tgz"
    },
    "which": {
      "version": "1.2.11",
      "from": "which@>=1.0.0 <2.0.0",
      "resolved": "https://registry.npmjs.org/which/-/which-1.2.11.tgz"
    },
    "wide-align": {
      "version": "1.1.0",
      "from": "wide-align@>=1.1.0 <2.0.0",
      "resolved": "https://registry.npmjs.org/wide-align/-/wide-align-1.1.0.tgz"
    },
    "wrappy": {
      "version": "1.0.2",
      "from": "wrappy@>=1.0.0 <2.0.0",
      "resolved": "https://registry.npmjs.org/wrappy/-/wrappy-1.0.2.tgz"
    },
    "xtend": {
      "version": "4.0.1",
      "from": "xtend@>=4.0.0 <5.0.0",
      "resolved": "https://registry.npmjs.org/xtend/-/xtend-4.0.1.tgz"
    },
    "yarn": {
      "version": "0.16.1",
      "from": "yarn@latest",
      "resolved": "https://registry.npmjs.org/yarn/-/yarn-0.16.1.tgz"
    }
  }
}
