{
  "name": "flow-evals",
  "version": "0.0.0",
  "lockfileVersion": 2,
  "requires": true,
  "packages": {
    "": {
      "name": "flow-evals",
      "version": "0.0.0",
      "license": "MIT",
      "dependencies": {
        "flow-bin": "^0.334.0"
      }
    },
    "node_modules/flow-bin": {
      "version": "0.334.0",
      "resolved": "https://registry.npmjs.org/flow-bin/-/flow-bin-0.334.0.tgz",
      "integrity": "sha512-yxo8AdJwRroEivEIZFzApPCyVsauhJy3T+nlbjbzyhO+9tzuGZIbt7hbHtAi1NCgQ9FkzFU1NNXF6ODayU+vfA==",
      "bin": {
        "flow": "cli.js"
      },
      "engines": {
        "node": ">=0.10.0"
      }
    }
  },
  "dependencies": {
    "flow-bin": {
      "version": "0.334.0",
      "resolved": "https://registry.npmjs.org/flow-bin/-/flow-bin-0.334.0.tgz",
      "integrity": "sha512-yxo8AdJwRroEivEIZFzApPCyVsauhJy3T+nlbjbzyhO+9tzuGZIbt7hbHtAi1NCgQ9FkzFU1NNXF6ODayU+vfA=="
    }
  }
}
