{
  "name": "flow-evals",
  "version": "0.0.0",
  "lockfileVersion": 2,
  "requires": true,
  "packages": {
    "": {
      "name": "flow-evals",
      "version": "0.0.0",
      "license": "MIT",
      "dependencies": {
        "flow-bin": "^0.322.0"
      }
    },
    "node_modules/flow-bin": {
      "version": "0.322.0",
      "resolved": "https://registry.npmjs.org/flow-bin/-/flow-bin-0.322.0.tgz",
      "integrity": "sha512-epxfCrmoA2LXi9NjrTT9GbDXuLxDlMDfHsrFKbHuM5Aug7HTe33/8yvurHK+m4CPzCesRF6ycGx3R2xJl0YMAA==",
      "bin": {
        "flow": "cli.js"
      },
      "engines": {
        "node": ">=0.10.0"
      }
    }
  },
  "dependencies": {
    "flow-bin": {
      "version": "0.322.0",
      "resolved": "https://registry.npmjs.org/flow-bin/-/flow-bin-0.322.0.tgz",
      "integrity": "sha512-epxfCrmoA2LXi9NjrTT9GbDXuLxDlMDfHsrFKbHuM5Aug7HTe33/8yvurHK+m4CPzCesRF6ycGx3R2xJl0YMAA=="
    }
  }
}
