# THIS IS AN AUTOGENERATED FILE. DO NOT EDIT THIS FILE DIRECTLY.
# yarn lockfile v1


codemirror@^5.24.2:
  version "5.24.2"
  resolved "https://registry.yarnpkg.com/codemirror/-/codemirror-5.24.2.tgz#b55ca950fa009709c37df68eb133310ed89cf2fe"

jquery@^3.1.1:
  version "3.1.1"
  resolved "https://registry.yarnpkg.com/jquery/-/jquery-3.1.1.tgz#347c1c21c7e004115e0a4da32cece041fad3c8a3"

requirejs@^2.3.3:
  version "2.3.3"
  resolved "https://registry.yarnpkg.com/requirejs/-/requirejs-2.3.3.tgz#aa59fd3a0287eaf407959a138228044b5dd6a6a3"
